
Microsoft Visual Studio Solution File, Format Version 12.00
# Visual Studio 14
VisualStudioVersion = 14.0.25420.1
MinimumVisualStudioVersion = 10.0.40219.1
Project("{2150E333-8FDC-42A3-9474-1A3956D46DE8}") = "src", "src", "{2A8D8891-B04B-4FCD-BB29-D3BC93F95579}"
EndProject
Project("{2150E333-8FDC-42A3-9474-1A3956D46DE8}") = "Solution Items", "Solution Items", "{526D01F1-3F40-4C80-BC0D-A970EE388CF3}"
	ProjectSection(SolutionItems) = preProject
		global.json = global.json
	EndProjectSection
EndProject
Project("{8BB2217D-0F2D-49D1-97BC-3654ED321F3B}") = "SpawnAreaWebCore", "src\SpawnAreaWebCore\SpawnAreaWebCore.xproj", "{A3C1E05A-8886-419C-A95F-E93CBC85999B}"
EndProject
Global
	GlobalSection(SolutionConfigurationPlatforms) = preSolution
		Debug|Any CPU = Debug|Any CPU
		Release|Any CPU = Release|Any CPU
	EndGlobalSection
	GlobalSection(ProjectConfigurationPlatforms) = postSolution
		{A3C1E05A-8886-419C-A95F-E93CBC85999B}.Debug|Any CPU.ActiveCfg = Debug|Any CPU
		{A3C1E05A-8886-419C-A95F-E93CBC85999B}.Debug|Any CPU.Build.0 = Debug|Any CPU
		{A3C1E05A-8886-419C-A95F-E93CBC85999B}.Release|Any CPU.ActiveCfg = Release|Any CPU
		{A3C1E05A-8886-419C-A95F-E93CBC85999B}.Release|Any CPU.Build.0 = Release|Any CPU
	EndGlobalSection
	GlobalSection(SolutionProperties) = preSolution
		HideSolutionNode = FALSE
	EndGlobalSection
	GlobalSection(NestedProjects) = preSolution
		{A3C1E05A-8886-419C-A95F-E93CBC85999B} = {2A8D8891-B04B-4FCD-BB29-D3BC93F95579}
	EndGlobalSection
EndGlobal
